// !$*UTF8*$!
{
	archiveVersion = 1;
	classes = {
	};
	objectVersion = 77;
	objects = {

/* Begin PBXBuildFile section */
		72B2E0E5D74259C63F96D2AB /* Pods_PesoPitaka.framework in Frameworks */ = {isa = PBXBuildFile; fileRef = CF9A3389285CF591AF5DBC9A /* Pods_PesoPitaka.framework */; };
		730384422D5F9B87008AA7C3 /* MustOneInfo.swift in Sources */ = {isa = PBXBuildFile; fileRef = 730384412D5F9B87008AA7C3 /* MustOneInfo.swift */; };
		730384462D605C81008AA7C3 /* OrderListViewController.swift in Sources */ = {isa = PBXBuildFile; fileRef = 730384452D605C81008AA7C3 /* OrderListViewController.swift */; };
		731BB3832D58A232003E54DB /* Launch Screen.storyboard in Resources */ = {isa = PBXBuildFile; fileRef = 731BB3822D58A232003E54DB /* Launch Screen.storyboard */; };
		731BB3852D58A44E003E54DB /* LocationService.swift in Sources */ = {isa = PBXBuildFile; fileRef = 731BB3842D58A44E003E54DB /* LocationService.swift */; };
		73807D2F2D32BA8000F8B90D /* AppDelegate.swift in Sources */ = {isa = PBXBuildFile; fileRef = 73807D252D32BA8000F8B90D /* AppDelegate.swift */; };
		73807D322D32BA8000F8B90D /* Assets.xcassets in Resources */ = {isa = PBXBuildFile; fileRef = 73807D262D32BA8000F8B90D /* Assets.xcassets */; };
		73807D3F2D32C07700F8B90D /* BaseViewController.swift in Sources */ = {isa = PBXBuildFile; fileRef = 73807D3E2D32C07700F8B90D /* BaseViewController.swift */; };
		73807D412D32C09300F8B90D /* LaunchViewController.swift in Sources */ = {isa = PBXBuildFile; fileRef = 73807D402D32C09300F8B90D /* LaunchViewController.swift */; };
		73807D432D32C5C800F8B90D /* TotalModel.swift in Sources */ = {isa = PBXBuildFile; fileRef = 73807D422D32C5BD00F8B90D /* TotalModel.swift */; };
		73807D452D32C78200F8B90D /* NetworkConfigManager.swift in Sources */ = {isa = PBXBuildFile; fileRef = 73807D442D32C77700F8B90D /* NetworkConfigManager.swift */; };
		738D45432D3F6FAB00EE9E66 /* ConfigManager.swift in Sources */ = {isa = PBXBuildFile; fileRef = 738D45422D3F6FAB00EE9E66 /* ConfigManager.swift */; };
		738D45452D3F763A00EE9E66 /* NetworkManager.swift in Sources */ = {isa = PBXBuildFile; fileRef = 738D45442D3F763A00EE9E66 /* NetworkManager.swift */; };
		738D45492D3F778F00EE9E66 /* BaseNavigationController.swift in Sources */ = {isa = PBXBuildFile; fileRef = 738D45482D3F778F00EE9E66 /* BaseNavigationController.swift */; };
		738D454B2D3F77BB00EE9E66 /* BaseTabBarController.swift in Sources */ = {isa = PBXBuildFile; fileRef = 738D454A2D3F77BB00EE9E66 /* BaseTabBarController.swift */; };
		738D454E2D3F78F000EE9E66 /* LoginViewController.swift in Sources */ = {isa = PBXBuildFile; fileRef = 738D454D2D3F78F000EE9E66 /* LoginViewController.swift */; };
		738D45502D3F798900EE9E66 /* LoginView.swift in Sources */ = {isa = PBXBuildFile; fileRef = 738D454F2D3F798900EE9E66 /* LoginView.swift */; };
		738D45522D3F799D00EE9E66 /* BaseView.swift in Sources */ = {isa = PBXBuildFile; fileRef = 738D45512D3F799D00EE9E66 /* BaseView.swift */; };
		738D45542D3F7E4200EE9E66 /* MontserratRegular.ttf in Resources */ = {isa = PBXBuildFile; fileRef = 738D45532D3F7E4100EE9E66 /* MontserratRegular.ttf */; };
		73D1CFF82D41FCD00065AD80 /* TermsViewController.swift in Sources */ = {isa = PBXBuildFile; fileRef = 73D1CFF72D41FCD00065AD80 /* TermsViewController.swift */; };
		73D1CFFA2D424C2D0065AD80 /* SettingViewController.swift in Sources */ = {isa = PBXBuildFile; fileRef = 73D1CFF92D424C2D0065AD80 /* SettingViewController.swift */; };
		73D1CFFC2D42525B0065AD80 /* AlertImageView.swift in Sources */ = {isa = PBXBuildFile; fileRef = 73D1CFFB2D42525B0065AD80 /* AlertImageView.swift */; };
		73D1CFFF2D4257780065AD80 /* GuideViewController.swift in Sources */ = {isa = PBXBuildFile; fileRef = 73D1CFFE2D4257780065AD80 /* GuideViewController.swift */; };
		73D1D0032D42578F0065AD80 /* GuideView.swift in Sources */ = {isa = PBXBuildFile; fileRef = 73D1D0022D42578F0065AD80 /* GuideView.swift */; };
		73D1D0052D4263CF0065AD80 /* GuideListView.swift in Sources */ = {isa = PBXBuildFile; fileRef = 73D1D0042D4263CF0065AD80 /* GuideListView.swift */; };
		73D1D0072D4269920065AD80 /* GuideOneViewController.swift in Sources */ = {isa = PBXBuildFile; fileRef = 73D1D0062D4269920065AD80 /* GuideOneViewController.swift */; };
		73D1D00F2D432DB50065AD80 /* GuideOneView.swift in Sources */ = {isa = PBXBuildFile; fileRef = 73D1D00E2D432DB50065AD80 /* GuideOneView.swift */; };
		73D1D0112D432F780065AD80 /* GuidePhotoView.swift in Sources */ = {isa = PBXBuildFile; fileRef = 73D1D0102D432F780065AD80 /* GuidePhotoView.swift */; };
		73D1D0152D4332240065AD80 /* AlertAuthIDView.swift in Sources */ = {isa = PBXBuildFile; fileRef = 73D1D0142D4332240065AD80 /* AlertAuthIDView.swift */; };
		73D1D0172D43349E0065AD80 /* AlertAuthIDViewCell.swift in Sources */ = {isa = PBXBuildFile; fileRef = 73D1D0162D43349E0065AD80 /* AlertAuthIDViewCell.swift */; };
		73D1D0192D434E930065AD80 /* AlertCameraView.swift in Sources */ = {isa = PBXBuildFile; fileRef = 73D1D0182D434E930065AD80 /* AlertCameraView.swift */; };
		73D1D01B2D4352290065AD80 /* CameraPhotoManager.swift in Sources */ = {isa = PBXBuildFile; fileRef = 73D1D01A2D4352290065AD80 /* CameraPhotoManager.swift */; };
		73D1D01D2D4371CD0065AD80 /* AlertSuccessNameView.swift in Sources */ = {isa = PBXBuildFile; fileRef = 73D1D01C2D4371CD0065AD80 /* AlertSuccessNameView.swift */; };
		73D1D01F2D4372350065AD80 /* OneCommonView.swift in Sources */ = {isa = PBXBuildFile; fileRef = 73D1D01E2D4372350065AD80 /* OneCommonView.swift */; };
		73D1D0212D4372410065AD80 /* TwoCommonView.swift in Sources */ = {isa = PBXBuildFile; fileRef = 73D1D0202D4372410065AD80 /* TwoCommonView.swift */; };
		73D1D0282D43B8430065AD80 /* TwoAuthViewCell.swift in Sources */ = {isa = PBXBuildFile; fileRef = 73D1D0272D43B8430065AD80 /* TwoAuthViewCell.swift */; };
		73D1D02A2D43B8A70065AD80 /* OneAuthViewCell.swift in Sources */ = {isa = PBXBuildFile; fileRef = 73D1D0292D43B8A70065AD80 /* OneAuthViewCell.swift */; };
		73D1D02C2D43B8D40065AD80 /* MonsterViewController.swift in Sources */ = {isa = PBXBuildFile; fileRef = 73D1D02B2D43B8D40065AD80 /* MonsterViewController.swift */; };
		73D1D0302D44785B0065AD80 /* WorkAuthClickManager.swift in Sources */ = {isa = PBXBuildFile; fileRef = 73D1D02F2D44785B0065AD80 /* WorkAuthClickManager.swift */; };
		73D1D0322D447E050065AD80 /* ServerDataManager.swift in Sources */ = {isa = PBXBuildFile; fileRef = 73D1D0312D447E050065AD80 /* ServerDataManager.swift */; };
		73D1D0342D44A5780065AD80 /* ServerViewController.swift in Sources */ = {isa = PBXBuildFile; fileRef = 73D1D0332D44A5780065AD80 /* ServerViewController.swift */; };
		73D1D0362D44A8440065AD80 /* ServerTableViewCell.swift in Sources */ = {isa = PBXBuildFile; fileRef = 73D1D0352D44A8440065AD80 /* ServerTableViewCell.swift */; };
		73D1D0382D44BA5D0065AD80 /* ContactManager.swift in Sources */ = {isa = PBXBuildFile; fileRef = 73D1D0372D44BA5D0065AD80 /* ContactManager.swift */; };
		73D1D03A2D44DD130065AD80 /* PayViewController.swift in Sources */ = {isa = PBXBuildFile; fileRef = 73D1D0392D44DD130065AD80 /* PayViewController.swift */; };
		73D1D03C2D452C3A0065AD80 /* PayPopView.swift in Sources */ = {isa = PBXBuildFile; fileRef = 73D1D03B2D452C3A0065AD80 /* PayPopView.swift */; };
		73D1D03E2D45347A0065AD80 /* HiveViewController.swift in Sources */ = {isa = PBXBuildFile; fileRef = 73D1D03D2D45347A0065AD80 /* HiveViewController.swift */; };
		73D1D0402D4611280065AD80 /* HiveMustView.swift in Sources */ = {isa = PBXBuildFile; fileRef = 73D1D03F2D4611280065AD80 /* HiveMustView.swift */; };
		73D1D0422D4671BB0065AD80 /* HiveMustViewCellCollectionViewCell.swift in Sources */ = {isa = PBXBuildFile; fileRef = 73D1D0412D4671BB0065AD80 /* HiveMustViewCellCollectionViewCell.swift */; };
		73D1D0442D4677E40065AD80 /* HivePeoViewCell.swift in Sources */ = {isa = PBXBuildFile; fileRef = 73D1D0432D4677E40065AD80 /* HivePeoViewCell.swift */; };
		73D1D0462D4680E50065AD80 /* OtpPeoViewCell.swift in Sources */ = {isa = PBXBuildFile; fileRef = 73D1D0452D4680E50065AD80 /* OtpPeoViewCell.swift */; };
		73D9DECE2D3FED3B00AD810A /* LoadingConfing.swift in Sources */ = {isa = PBXBuildFile; fileRef = 73D9DECD2D3FED3B00AD810A /* LoadingConfing.swift */; };
		73D9DED02D3FEEE200AD810A /* LoginSuccessConfig.swift in Sources */ = {isa = PBXBuildFile; fileRef = 73D9DECF2D3FEEE200AD810A /* LoginSuccessConfig.swift */; };
		73D9DED62D3FF83200AD810A /* UserCenterViewController.swift in Sources */ = {isa = PBXBuildFile; fileRef = 73D9DED52D3FF83200AD810A /* UserCenterViewController.swift */; };
		73D9DED82D3FF85600AD810A /* OrdersViewController.swift in Sources */ = {isa = PBXBuildFile; fileRef = 73D9DED72D3FF85600AD810A /* OrdersViewController.swift */; };
		73D9DEDA2D3FF86700AD810A /* HomeViewController.swift in Sources */ = {isa = PBXBuildFile; fileRef = 73D9DED92D3FF86700AD810A /* HomeViewController.swift */; };
		73D9DEDC2D40A75800AD810A /* HomeZeroView.swift in Sources */ = {isa = PBXBuildFile; fileRef = 73D9DEDB2D40A75800AD810A /* HomeZeroView.swift */; };
		73D9DEDE2D40AD6A00AD810A /* CenterView.swift in Sources */ = {isa = PBXBuildFile; fileRef = 73D9DEDD2D40AD6A00AD810A /* CenterView.swift */; };
		73D9DEE02D40AF8E00AD810A /* HeadView.swift in Sources */ = {isa = PBXBuildFile; fileRef = 73D9DEDF2D40AF8E00AD810A /* HeadView.swift */; };
		73D9DEE22D40B33E00AD810A /* OrderView.swift in Sources */ = {isa = PBXBuildFile; fileRef = 73D9DEE12D40B33E00AD810A /* OrderView.swift */; };
/* End PBXBuildFile section */

/* Begin PBXFileReference section */
		730384412D5F9B87008AA7C3 /* MustOneInfo.swift */ = {isa = PBXFileReference; lastKnownFileType = sourcecode.swift; path = MustOneInfo.swift; sourceTree = "<group>"; };
		730384452D605C81008AA7C3 /* OrderListViewController.swift */ = {isa = PBXFileReference; lastKnownFileType = sourcecode.swift; path = OrderListViewController.swift; sourceTree = "<group>"; };
		731BB3822D58A232003E54DB /* Launch Screen.storyboard */ = {isa = PBXFileReference; lastKnownFileType = file.storyboard; path = "Launch Screen.storyboard"; sourceTree = "<group>"; };
		731BB3842D58A44E003E54DB /* LocationService.swift */ = {isa = PBXFileReference; lastKnownFileType = sourcecode.swift; path = LocationService.swift; sourceTree = "<group>"; };
		73807CFD2D32B8AC00F8B90D /* PesoPitaka.app */ = {isa = PBXFileReference; explicitFileType = wrapper.application; includeInIndex = 0; path = PesoPitaka.app; sourceTree = BUILT_PRODUCTS_DIR; };
		73807D252D32BA8000F8B90D /* AppDelegate.swift */ = {isa = PBXFileReference; lastKnownFileType = sourcecode.swift; path = AppDelegate.swift; sourceTree = "<group>"; };
		73807D262D32BA8000F8B90D /* Assets.xcassets */ = {isa = PBXFileReference; lastKnownFileType = folder.assetcatalog; path = Assets.xcassets; sourceTree = "<group>"; };
		73807D272D32BA8000F8B90D /* Info.plist */ = {isa = PBXFileReference; lastKnownFileType = text.plist.xml; path = Info.plist; sourceTree = "<group>"; };
		73807D362D32BCBB00F8B90D /* PesoPitaka.entitlements */ = {isa = PBXFileReference; lastKnownFileType = text.plist.entitlements; path = PesoPitaka.entitlements; sourceTree = "<group>"; };
		73807D3E2D32C07700F8B90D /* BaseViewController.swift */ = {isa = PBXFileReference; lastKnownFileType = sourcecode.swift; path = BaseViewController.swift; sourceTree = "<group>"; };
		73807D402D32C09300F8B90D /* LaunchViewController.swift */ = {isa = PBXFileReference; lastKnownFileType = sourcecode.swift; path = LaunchViewController.swift; sourceTree = "<group>"; };
		73807D422D32C5BD00F8B90D /* TotalModel.swift */ = {isa = PBXFileReference; lastKnownFileType = sourcecode.swift; path = TotalModel.swift; sourceTree = "<group>"; };
		73807D442D32C77700F8B90D /* NetworkConfigManager.swift */ = {isa = PBXFileReference; lastKnownFileType = sourcecode.swift; path = NetworkConfigManager.swift; sourceTree = "<group>"; };
		738D45422D3F6FAB00EE9E66 /* ConfigManager.swift */ = {isa = PBXFileReference; lastKnownFileType = sourcecode.swift; path = ConfigManager.swift; sourceTree = "<group>"; };
		738D45442D3F763A00EE9E66 /* NetworkManager.swift */ = {isa = PBXFileReference; lastKnownFileType = sourcecode.swift; path = NetworkManager.swift; sourceTree = "<group>"; };
		738D45482D3F778F00EE9E66 /* BaseNavigationController.swift */ = {isa = PBXFileReference; lastKnownFileType = sourcecode.swift; path = BaseNavigationController.swift; sourceTree = "<group>"; };
		738D454A2D3F77BB00EE9E66 /* BaseTabBarController.swift */ = {isa = PBXFileReference; lastKnownFileType = sourcecode.swift; path = BaseTabBarController.swift; sourceTree = "<group>"; };
		738D454D2D3F78F000EE9E66 /* LoginViewController.swift */ = {isa = PBXFileReference; lastKnownFileType = sourcecode.swift; path = LoginViewController.swift; sourceTree = "<group>"; };
		738D454F2D3F798900EE9E66 /* LoginView.swift */ = {isa = PBXFileReference; lastKnownFileType = sourcecode.swift; path = LoginView.swift; sourceTree = "<group>"; };
		738D45512D3F799D00EE9E66 /* BaseView.swift */ = {isa = PBXFileReference; lastKnownFileType = sourcecode.swift; path = BaseView.swift; sourceTree = "<group>"; };
		738D45532D3F7E4100EE9E66 /* MontserratRegular.ttf */ = {isa = PBXFileReference; lastKnownFileType = file; path = MontserratRegular.ttf; sourceTree = "<group>"; };
		73D1CFF72D41FCD00065AD80 /* TermsViewController.swift */ = {isa = PBXFileReference; lastKnownFileType = sourcecode.swift; path = TermsViewController.swift; sourceTree = "<group>"; };
		73D1CFF92D424C2D0065AD80 /* SettingViewController.swift */ = {isa = PBXFileReference; lastKnownFileType = sourcecode.swift; path = SettingViewController.swift; sourceTree = "<group>"; };
		73D1CFFB2D42525B0065AD80 /* AlertImageView.swift */ = {isa = PBXFileReference; lastKnownFileType = sourcecode.swift; path = AlertImageView.swift; sourceTree = "<group>"; };
		73D1CFFE2D4257780065AD80 /* GuideViewController.swift */ = {isa = PBXFileReference; lastKnownFileType = sourcecode.swift; path = GuideViewController.swift; sourceTree = "<group>"; };
		73D1D0022D42578F0065AD80 /* GuideView.swift */ = {isa = PBXFileReference; lastKnownFileType = sourcecode.swift; path = GuideView.swift; sourceTree = "<group>"; };
		73D1D0042D4263CF0065AD80 /* GuideListView.swift */ = {isa = PBXFileReference; lastKnownFileType = sourcecode.swift; path = GuideListView.swift; sourceTree = "<group>"; };
		73D1D0062D4269920065AD80 /* GuideOneViewController.swift */ = {isa = PBXFileReference; lastKnownFileType = sourcecode.swift; path = GuideOneViewController.swift; sourceTree = "<group>"; };
		73D1D00E2D432DB50065AD80 /* GuideOneView.swift */ = {isa = PBXFileReference; lastKnownFileType = sourcecode.swift; path = GuideOneView.swift; sourceTree = "<group>"; };
		73D1D0102D432F780065AD80 /* GuidePhotoView.swift */ = {isa = PBXFileReference; lastKnownFileType = sourcecode.swift; path = GuidePhotoView.swift; sourceTree = "<group>"; };
		73D1D0142D4332240065AD80 /* AlertAuthIDView.swift */ = {isa = PBXFileReference; lastKnownFileType = sourcecode.swift; path = AlertAuthIDView.swift; sourceTree = "<group>"; };
		73D1D0162D43349E0065AD80 /* AlertAuthIDViewCell.swift */ = {isa = PBXFileReference; lastKnownFileType = sourcecode.swift; path = AlertAuthIDViewCell.swift; sourceTree = "<group>"; };
		73D1D0182D434E930065AD80 /* AlertCameraView.swift */ = {isa = PBXFileReference; lastKnownFileType = sourcecode.swift; path = AlertCameraView.swift; sourceTree = "<group>"; };
		73D1D01A2D4352290065AD80 /* CameraPhotoManager.swift */ = {isa = PBXFileReference; lastKnownFileType = sourcecode.swift; path = CameraPhotoManager.swift; sourceTree = "<group>"; };
		73D1D01C2D4371CD0065AD80 /* AlertSuccessNameView.swift */ = {isa = PBXFileReference; lastKnownFileType = sourcecode.swift; path = AlertSuccessNameView.swift; sourceTree = "<group>"; };
		73D1D01E2D4372350065AD80 /* OneCommonView.swift */ = {isa = PBXFileReference; lastKnownFileType = sourcecode.swift; path = OneCommonView.swift; sourceTree = "<group>"; };
		73D1D0202D4372410065AD80 /* TwoCommonView.swift */ = {isa = PBXFileReference; lastKnownFileType = sourcecode.swift; path = TwoCommonView.swift; sourceTree = "<group>"; };
		73D1D0272D43B8430065AD80 /* TwoAuthViewCell.swift */ = {isa = PBXFileReference; lastKnownFileType = sourcecode.swift; path = TwoAuthViewCell.swift; sourceTree = "<group>"; };
		73D1D0292D43B8A70065AD80 /* OneAuthViewCell.swift */ = {isa = PBXFileReference; lastKnownFileType = sourcecode.swift; path = OneAuthViewCell.swift; sourceTree = "<group>"; };
		73D1D02B2D43B8D40065AD80 /* MonsterViewController.swift */ = {isa = PBXFileReference; lastKnownFileType = sourcecode.swift; path = MonsterViewController.swift; sourceTree = "<group>"; };
		73D1D02F2D44785B0065AD80 /* WorkAuthClickManager.swift */ = {isa = PBXFileReference; lastKnownFileType = sourcecode.swift; path = WorkAuthClickManager.swift; sourceTree = "<group>"; };
		73D1D0312D447E050065AD80 /* ServerDataManager.swift */ = {isa = PBXFileReference; lastKnownFileType = sourcecode.swift; path = ServerDataManager.swift; sourceTree = "<group>"; };
		73D1D0332D44A5780065AD80 /* ServerViewController.swift */ = {isa = PBXFileReference; lastKnownFileType = sourcecode.swift; path = ServerViewController.swift; sourceTree = "<group>"; };
		73D1D0352D44A8440065AD80 /* ServerTableViewCell.swift */ = {isa = PBXFileReference; lastKnownFileType = sourcecode.swift; path = ServerTableViewCell.swift; sourceTree = "<group>"; };
		73D1D0372D44BA5D0065AD80 /* ContactManager.swift */ = {isa = PBXFileReference; lastKnownFileType = sourcecode.swift; path = ContactManager.swift; sourceTree = "<group>"; };
		73D1D0392D44DD130065AD80 /* PayViewController.swift */ = {isa = PBXFileReference; lastKnownFileType = sourcecode.swift; path = PayViewController.swift; sourceTree = "<group>"; };
		73D1D03B2D452C3A0065AD80 /* PayPopView.swift */ = {isa = PBXFileReference; lastKnownFileType = sourcecode.swift; path = PayPopView.swift; sourceTree = "<group>"; };
		73D1D03D2D45347A0065AD80 /* HiveViewController.swift */ = {isa = PBXFileReference; lastKnownFileType = sourcecode.swift; path = HiveViewController.swift; sourceTree = "<group>"; };
		73D1D03F2D4611280065AD80 /* HiveMustView.swift */ = {isa = PBXFileReference; lastKnownFileType = sourcecode.swift; path = HiveMustView.swift; sourceTree = "<group>"; };
		73D1D0412D4671BB0065AD80 /* HiveMustViewCellCollectionViewCell.swift */ = {isa = PBXFileReference; lastKnownFileType = sourcecode.swift; path = HiveMustViewCellCollectionViewCell.swift; sourceTree = "<group>"; };
		73D1D0432D4677E40065AD80 /* HivePeoViewCell.swift */ = {isa = PBXFileReference; lastKnownFileType = sourcecode.swift; path = HivePeoViewCell.swift; sourceTree = "<group>"; };
		73D1D0452D4680E50065AD80 /* OtpPeoViewCell.swift */ = {isa = PBXFileReference; lastKnownFileType = sourcecode.swift; path = OtpPeoViewCell.swift; sourceTree = "<group>"; };
		73D9DECD2D3FED3B00AD810A /* LoadingConfing.swift */ = {isa = PBXFileReference; lastKnownFileType = sourcecode.swift; path = LoadingConfing.swift; sourceTree = "<group>"; };
		73D9DECF2D3FEEE200AD810A /* LoginSuccessConfig.swift */ = {isa = PBXFileReference; lastKnownFileType = sourcecode.swift; path = LoginSuccessConfig.swift; sourceTree = "<group>"; };
		73D9DED52D3FF83200AD810A /* UserCenterViewController.swift */ = {isa = PBXFileReference; lastKnownFileType = sourcecode.swift; path = UserCenterViewController.swift; sourceTree = "<group>"; };
		73D9DED72D3FF85600AD810A /* OrdersViewController.swift */ = {isa = PBXFileReference; lastKnownFileType = sourcecode.swift; path = OrdersViewController.swift; sourceTree = "<group>"; };
		73D9DED92D3FF86700AD810A /* HomeViewController.swift */ = {isa = PBXFileReference; lastKnownFileType = sourcecode.swift; path = HomeViewController.swift; sourceTree = "<group>"; };
		73D9DEDB2D40A75800AD810A /* HomeZeroView.swift */ = {isa = PBXFileReference; lastKnownFileType = sourcecode.swift; path = HomeZeroView.swift; sourceTree = "<group>"; };
		73D9DEDD2D40AD6A00AD810A /* CenterView.swift */ = {isa = PBXFileReference; lastKnownFileType = sourcecode.swift; path = CenterView.swift; sourceTree = "<group>"; };
		73D9DEDF2D40AF8E00AD810A /* HeadView.swift */ = {isa = PBXFileReference; lastKnownFileType = sourcecode.swift; path = HeadView.swift; sourceTree = "<group>"; };
		73D9DEE12D40B33E00AD810A /* OrderView.swift */ = {isa = PBXFileReference; lastKnownFileType = sourcecode.swift; path = OrderView.swift; sourceTree = "<group>"; };
		763DB2E88CECB39F7258B6B2 /* Pods-PesoPitaka.release.xcconfig */ = {isa = PBXFileReference; includeInIndex = 1; lastKnownFileType = text.xcconfig; name = "Pods-PesoPitaka.release.xcconfig"; path = "Target Support Files/Pods-PesoPitaka/Pods-PesoPitaka.release.xcconfig"; sourceTree = "<group>"; };
		B1E1EA91963E4A1EEB1B0381 /* Pods-PesoPitaka.debug.xcconfig */ = {isa = PBXFileReference; includeInIndex = 1; lastKnownFileType = text.xcconfig; name = "Pods-PesoPitaka.debug.xcconfig"; path = "Target Support Files/Pods-PesoPitaka/Pods-PesoPitaka.debug.xcconfig"; sourceTree = "<group>"; };
		CF9A3389285CF591AF5DBC9A /* Pods_PesoPitaka.framework */ = {isa = PBXFileReference; explicitFileType = wrapper.framework; includeInIndex = 0; path = Pods_PesoPitaka.framework; sourceTree = BUILT_PRODUCTS_DIR; };
/* End PBXFileReference section */

/* Begin PBXFrameworksBuildPhase section */
		73807CFA2D32B8AC00F8B90D /* Frameworks */ = {
			isa = PBXFrameworksBuildPhase;
			buildActionMask = 2147483647;
			files = (
				72B2E0E5D74259C63F96D2AB /* Pods_PesoPitaka.framework in Frameworks */,
			);
			runOnlyForDeploymentPostprocessing = 0;
		};
/* End PBXFrameworksBuildPhase section */

/* Begin PBXGroup section */
		3804088AFBAD453BABC74C74 /* Pods */ = {
			isa = PBXGroup;
			children = (
				B1E1EA91963E4A1EEB1B0381 /* Pods-PesoPitaka.debug.xcconfig */,
				763DB2E88CECB39F7258B6B2 /* Pods-PesoPitaka.release.xcconfig */,
			);
			path = Pods;
			sourceTree = "<group>";
		};
		6C32AF2F32202DF6E194291F /* Frameworks */ = {
			isa = PBXGroup;
			children = (
				CF9A3389285CF591AF5DBC9A /* Pods_PesoPitaka.framework */,
			);
			name = Frameworks;
			sourceTree = "<group>";
		};
		730384402D5F9B55008AA7C3 /* MustBigSoul */ = {
			isa = PBXGroup;
			children = (
				730384412D5F9B87008AA7C3 /* MustOneInfo.swift */,
			);
			path = MustBigSoul;
			sourceTree = "<group>";
		};
		73807CF42D32B8AC00F8B90D = {
			isa = PBXGroup;
			children = (
				73807D2E2D32BA8000F8B90D /* PesoPitaka */,
				73807CFE2D32B8AC00F8B90D /* Products */,
				3804088AFBAD453BABC74C74 /* Pods */,
				6C32AF2F32202DF6E194291F /* Frameworks */,
			);
			sourceTree = "<group>";
		};
		73807CFE2D32B8AC00F8B90D /* Products */ = {
			isa = PBXGroup;
			children = (
				73807CFD2D32B8AC00F8B90D /* PesoPitaka.app */,
			);
			name = Products;
			sourceTree = "<group>";
		};
		73807D2E2D32BA8000F8B90D /* PesoPitaka */ = {
			isa = PBXGroup;
			children = (
				738D45532D3F7E4100EE9E66 /* MontserratRegular.ttf */,
				73807D272D32BA8000F8B90D /* Info.plist */,
				73807D262D32BA8000F8B90D /* Assets.xcassets */,
				73807D362D32BCBB00F8B90D /* PesoPitaka.entitlements */,
				731BB3822D58A232003E54DB /* Launch Screen.storyboard */,
				73807D252D32BA8000F8B90D /* AppDelegate.swift */,
				730384402D5F9B55008AA7C3 /* MustBigSoul */,
				73807D3B2D32BF4400F8B90D /* Manager */,
				73807D3A2D32BF4100F8B90D /* Center */,
				73807D392D32BF3D00F8B90D /* Order */,
				73807D382D32BF3A00F8B90D /* Home */,
				738D454C2D3F789000EE9E66 /* Login */,
				73D1CFFD2D4257540065AD80 /* Auth */,
				73807D372D32BF3700F8B90D /* Launch */,
			);
			path = PesoPitaka;
			sourceTree = "<group>";
		};
		73807D372D32BF3700F8B90D /* Launch */ = {
			isa = PBXGroup;
			children = (
				73807D3E2D32C07700F8B90D /* BaseViewController.swift */,
				73807D402D32C09300F8B90D /* LaunchViewController.swift */,
				738D45482D3F778F00EE9E66 /* BaseNavigationController.swift */,
				738D454A2D3F77BB00EE9E66 /* BaseTabBarController.swift */,
				738D45512D3F799D00EE9E66 /* BaseView.swift */,
			);
			path = Launch;
			sourceTree = "<group>";
		};
		73807D382D32BF3A00F8B90D /* Home */ = {
			isa = PBXGroup;
			children = (
				73D9DEDB2D40A75800AD810A /* HomeZeroView.swift */,
				73D1D03F2D4611280065AD80 /* HiveMustView.swift */,
				73D9DED92D3FF86700AD810A /* HomeViewController.swift */,
				73D1D0412D4671BB0065AD80 /* HiveMustViewCellCollectionViewCell.swift */,
				73D1D0432D4677E40065AD80 /* HivePeoViewCell.swift */,
			);
			path = Home;
			sourceTree = "<group>";
		};
		73807D392D32BF3D00F8B90D /* Order */ = {
			isa = PBXGroup;
			children = (
				73D9DEE12D40B33E00AD810A /* OrderView.swift */,
				73D1D0452D4680E50065AD80 /* OtpPeoViewCell.swift */,
				73D9DED72D3FF85600AD810A /* OrdersViewController.swift */,
				730384452D605C81008AA7C3 /* OrderListViewController.swift */,
			);
			path = Order;
			sourceTree = "<group>";
		};
		73807D3A2D32BF4100F8B90D /* Center */ = {
			isa = PBXGroup;
			children = (
				73D9DEDD2D40AD6A00AD810A /* CenterView.swift */,
				73D9DED52D3FF83200AD810A /* UserCenterViewController.swift */,
				73D1CFF72D41FCD00065AD80 /* TermsViewController.swift */,
				73D1CFF92D424C2D0065AD80 /* SettingViewController.swift */,
			);
			path = Center;
			sourceTree = "<group>";
		};
		73807D3B2D32BF4400F8B90D /* Manager */ = {
			isa = PBXGroup;
			children = (
				73807D422D32C5BD00F8B90D /* TotalModel.swift */,
				738D45422D3F6FAB00EE9E66 /* ConfigManager.swift */,
				738D45442D3F763A00EE9E66 /* NetworkManager.swift */,
				73807D442D32C77700F8B90D /* NetworkConfigManager.swift */,
				73D9DECD2D3FED3B00AD810A /* LoadingConfing.swift */,
				73D9DEDF2D40AF8E00AD810A /* HeadView.swift */,
				73D1CFFB2D42525B0065AD80 /* AlertImageView.swift */,
				73D1D01A2D4352290065AD80 /* CameraPhotoManager.swift */,
				73D1D02F2D44785B0065AD80 /* WorkAuthClickManager.swift */,
				73D1D0312D447E050065AD80 /* ServerDataManager.swift */,
				73D1D0372D44BA5D0065AD80 /* ContactManager.swift */,
				731BB3842D58A44E003E54DB /* LocationService.swift */,
			);
			path = Manager;
			sourceTree = "<group>";
		};
		738D454C2D3F789000EE9E66 /* Login */ = {
			isa = PBXGroup;
			children = (
				738D454F2D3F798900EE9E66 /* LoginView.swift */,
				738D454D2D3F78F000EE9E66 /* LoginViewController.swift */,
				73D9DECF2D3FEEE200AD810A /* LoginSuccessConfig.swift */,
			);
			path = Login;
			sourceTree = "<group>";
		};
		73D1CFFD2D4257540065AD80 /* Auth */ = {
			isa = PBXGroup;
			children = (
				73D1D0092D4269DC0065AD80 /* ViewMVC */,
				73D1D0242D43B8110065AD80 /* SpecialMVC */,
				73D1D0082D4269CC0065AD80 /* GuideVcMVC */,
			);
			path = Auth;
			sourceTree = "<group>";
		};
		73D1D0082D4269CC0065AD80 /* GuideVcMVC */ = {
			isa = PBXGroup;
			children = (
				73D1D0022D42578F0065AD80 /* GuideView.swift */,
				73D1D0042D4263CF0065AD80 /* GuideListView.swift */,
				73D1CFFE2D4257780065AD80 /* GuideViewController.swift */,
			);
			path = GuideVcMVC;
			sourceTree = "<group>";
		};
		73D1D0092D4269DC0065AD80 /* ViewMVC */ = {
			isa = PBXGroup;
			children = (
				73D1D00E2D432DB50065AD80 /* GuideOneView.swift */,
				73D1D0102D432F780065AD80 /* GuidePhotoView.swift */,
				73D1D0142D4332240065AD80 /* AlertAuthIDView.swift */,
				73D1D0162D43349E0065AD80 /* AlertAuthIDViewCell.swift */,
				73D1D0182D434E930065AD80 /* AlertCameraView.swift */,
				73D1D0062D4269920065AD80 /* GuideOneViewController.swift */,
				73D1D01C2D4371CD0065AD80 /* AlertSuccessNameView.swift */,
				73D1D01E2D4372350065AD80 /* OneCommonView.swift */,
				73D1D0202D4372410065AD80 /* TwoCommonView.swift */,
			);
			path = ViewMVC;
			sourceTree = "<group>";
		};
		73D1D0242D43B8110065AD80 /* SpecialMVC */ = {
			isa = PBXGroup;
			children = (
				73D1D0292D43B8A70065AD80 /* OneAuthViewCell.swift */,
				73D1D0272D43B8430065AD80 /* TwoAuthViewCell.swift */,
				73D1D02B2D43B8D40065AD80 /* MonsterViewController.swift */,
				73D1D0332D44A5780065AD80 /* ServerViewController.swift */,
				73D1D0352D44A8440065AD80 /* ServerTableViewCell.swift */,
				73D1D0392D44DD130065AD80 /* PayViewController.swift */,
				73D1D03B2D452C3A0065AD80 /* PayPopView.swift */,
				73D1D03D2D45347A0065AD80 /* HiveViewController.swift */,
			);
			path = SpecialMVC;
			sourceTree = "<group>";
		};
/* End PBXGroup section */

/* Begin PBXNativeTarget section */
		73807CFC2D32B8AC00F8B90D /* PesoPitaka */ = {
			isa = PBXNativeTarget;
			buildConfigurationList = 73807D102D32B8AD00F8B90D /* Build configuration list for PBXNativeTarget "PesoPitaka" */;
			buildPhases = (
				9B3E4508477AF111C67D150B /* [CP] Check Pods Manifest.lock */,
				73807CF92D32B8AC00F8B90D /* Sources */,
				73807CFA2D32B8AC00F8B90D /* Frameworks */,
				73807CFB2D32B8AC00F8B90D /* Resources */,
				4827CA492AAA7D6FB1596919 /* [CP] Embed Pods Frameworks */,
			);
			buildRules = (
			);
			dependencies = (
			);
			name = PesoPitaka;
			productName = PesoPitaka;
			productReference = 73807CFD2D32B8AC00F8B90D /* PesoPitaka.app */;
			productType = "com.apple.product-type.application";
		};
/* End PBXNativeTarget section */

/* Begin PBXProject section */
		73807CF52D32B8AC00F8B90D /* Project object */ = {
			isa = PBXProject;
			attributes = {
				BuildIndependentTargetsInParallel = 1;
				LastSwiftUpdateCheck = 1620;
				LastUpgradeCheck = 1620;
				TargetAttributes = {
					73807CFC2D32B8AC00F8B90D = {
						CreatedOnToolsVersion = 16.2;
					};
				};
			};
			buildConfigurationList = 73807CF82D32B8AC00F8B90D /* Build configuration list for PBXProject "PesoPitaka" */;
			developmentRegion = en;
			hasScannedForEncodings = 0;
			knownRegions = (
				en,
				Base,
			);
			mainGroup = 73807CF42D32B8AC00F8B90D;
			minimizedProjectReferenceProxies = 1;
			preferredProjectObjectVersion = 77;
			productRefGroup = 73807CFE2D32B8AC00F8B90D /* Products */;
			projectDirPath = "";
			projectRoot = "";
			targets = (
				73807CFC2D32B8AC00F8B90D /* PesoPitaka */,
			);
		};
/* End PBXProject section */

/* Begin PBXResourcesBuildPhase section */
		73807CFB2D32B8AC00F8B90D /* Resources */ = {
			isa = PBXResourcesBuildPhase;
			buildActionMask = 2147483647;
			files = (
				731BB3832D58A232003E54DB /* Launch Screen.storyboard in Resources */,
				738D45542D3F7E4200EE9E66 /* MontserratRegular.ttf in Resources */,
				73807D322D32BA8000F8B90D /* Assets.xcassets in Resources */,
			);
			runOnlyForDeploymentPostprocessing = 0;
		};
/* End PBXResourcesBuildPhase section */

/* Begin PBXShellScriptBuildPhase section */
		4827CA492AAA7D6FB1596919 /* [CP] Embed Pods Frameworks */ = {
			isa = PBXShellScriptBuildPhase;
			buildActionMask = 2147483647;
			files = (
			);
			inputFileListPaths = (
				"${PODS_ROOT}/Target Support Files/Pods-PesoPitaka/Pods-PesoPitaka-frameworks-${CONFIGURATION}-input-files.xcfilelist",
			);
			name = "[CP] Embed Pods Frameworks";
			outputFileListPaths = (
				"${PODS_ROOT}/Target Support Files/Pods-PesoPitaka/Pods-PesoPitaka-frameworks-${CONFIGURATION}-output-files.xcfilelist",
			);
			runOnlyForDeploymentPostprocessing = 0;
			shellPath = /bin/sh;
			shellScript = "\"${PODS_ROOT}/Target Support Files/Pods-PesoPitaka/Pods-PesoPitaka-frameworks.sh\"\n";
			showEnvVarsInLog = 0;
		};
		9B3E4508477AF111C67D150B /* [CP] Check Pods Manifest.lock */ = {
			isa = PBXShellScriptBuildPhase;
			buildActionMask = 2147483647;
			files = (
			);
			inputFileListPaths = (
			);
			inputPaths = (
				"${PODS_PODFILE_DIR_PATH}/Podfile.lock",
				"${PODS_ROOT}/Manifest.lock",
			);
			name = "[CP] Check Pods Manifest.lock";
			outputFileListPaths = (
			);
			outputPaths = (
				"$(DERIVED_FILE_DIR)/Pods-PesoPitaka-checkManifestLockResult.txt",
			);
			runOnlyForDeploymentPostprocessing = 0;
			shellPath = /bin/sh;
			shellScript = "diff \"${PODS_PODFILE_DIR_PATH}/Podfile.lock\" \"${PODS_ROOT}/Manifest.lock\" > /dev/null\nif [ $? != 0 ] ; then\n    # print error to STDERR\n    echo \"error: The sandbox is not in sync with the Podfile.lock. Run 'pod install' or update your CocoaPods installation.\" >&2\n    exit 1\nfi\n# This output is used by Xcode 'outputs' to avoid re-running this script phase.\necho \"SUCCESS\" > \"${SCRIPT_OUTPUT_FILE_0}\"\n";
			showEnvVarsInLog = 0;
		};
/* End PBXShellScriptBuildPhase section */

/* Begin PBXSourcesBuildPhase section */
		73807CF92D32B8AC00F8B90D /* Sources */ = {
			isa = PBXSourcesBuildPhase;
			buildActionMask = 2147483647;
			files = (
				73D1D0112D432F780065AD80 /* GuidePhotoView.swift in Sources */,
				73D1CFF82D41FCD00065AD80 /* TermsViewController.swift in Sources */,
				738D45492D3F778F00EE9E66 /* BaseNavigationController.swift in Sources */,
				73D1D0212D4372410065AD80 /* TwoCommonView.swift in Sources */,
				73807D452D32C78200F8B90D /* NetworkConfigManager.swift in Sources */,
				73D1D01F2D4372350065AD80 /* OneCommonView.swift in Sources */,
				73D1D0342D44A5780065AD80 /* ServerViewController.swift in Sources */,
				73D9DEDA2D3FF86700AD810A /* HomeViewController.swift in Sources */,
				738D454B2D3F77BB00EE9E66 /* BaseTabBarController.swift in Sources */,
				73D1D0462D4680E50065AD80 /* OtpPeoViewCell.swift in Sources */,
				73D1D01D2D4371CD0065AD80 /* AlertSuccessNameView.swift in Sources */,
				73D1D0172D43349E0065AD80 /* AlertAuthIDViewCell.swift in Sources */,
				73D1D0032D42578F0065AD80 /* GuideView.swift in Sources */,
				730384422D5F9B87008AA7C3 /* MustOneInfo.swift in Sources */,
				73D1D0152D4332240065AD80 /* AlertAuthIDView.swift in Sources */,
				738D45522D3F799D00EE9E66 /* BaseView.swift in Sources */,
				73D1D0192D434E930065AD80 /* AlertCameraView.swift in Sources */,
				73D1D00F2D432DB50065AD80 /* GuideOneView.swift in Sources */,
				73D9DEDC2D40A75800AD810A /* HomeZeroView.swift in Sources */,
				731BB3852D58A44E003E54DB /* LocationService.swift in Sources */,
				73807D432D32C5C800F8B90D /* TotalModel.swift in Sources */,
				73D9DED02D3FEEE200AD810A /* LoginSuccessConfig.swift in Sources */,
				73D1D0402D4611280065AD80 /* HiveMustView.swift in Sources */,
				73807D2F2D32BA8000F8B90D /* AppDelegate.swift in Sources */,
				738D45452D3F763A00EE9E66 /* NetworkManager.swift in Sources */,
				730384462D605C81008AA7C3 /* OrderListViewController.swift in Sources */,
				73D9DEE02D40AF8E00AD810A /* HeadView.swift in Sources */,
				73D1D0302D44785B0065AD80 /* WorkAuthClickManager.swift in Sources */,
				73D1D03A2D44DD130065AD80 /* PayViewController.swift in Sources */,
				73D1D02A2D43B8A70065AD80 /* OneAuthViewCell.swift in Sources */,
				73D1D0052D4263CF0065AD80 /* GuideListView.swift in Sources */,
				73D1D0382D44BA5D0065AD80 /* ContactManager.swift in Sources */,
				73D1D01B2D4352290065AD80 /* CameraPhotoManager.swift in Sources */,
				73D1D0072D4269920065AD80 /* GuideOneViewController.swift in Sources */,
				73D9DEDE2D40AD6A00AD810A /* CenterView.swift in Sources */,
				73D1CFFF2D4257780065AD80 /* GuideViewController.swift in Sources */,
				73D1D0422D4671BB0065AD80 /* HiveMustViewCellCollectionViewCell.swift in Sources */,
				73807D412D32C09300F8B90D /* LaunchViewController.swift in Sources */,
				73807D3F2D32C07700F8B90D /* BaseViewController.swift in Sources */,
				738D45502D3F798900EE9E66 /* LoginView.swift in Sources */,
				73D1D0282D43B8430065AD80 /* TwoAuthViewCell.swift in Sources */,
				73D9DED82D3FF85600AD810A /* OrdersViewController.swift in Sources */,
				73D1D0362D44A8440065AD80 /* ServerTableViewCell.swift in Sources */,
				73D9DECE2D3FED3B00AD810A /* LoadingConfing.swift in Sources */,
				73D1D0322D447E050065AD80 /* ServerDataManager.swift in Sources */,
				73D1D0442D4677E40065AD80 /* HivePeoViewCell.swift in Sources */,
				73D1D02C2D43B8D40065AD80 /* MonsterViewController.swift in Sources */,
				73D1CFFA2D424C2D0065AD80 /* SettingViewController.swift in Sources */,
				738D454E2D3F78F000EE9E66 /* LoginViewController.swift in Sources */,
				73D9DEE22D40B33E00AD810A /* OrderView.swift in Sources */,
				73D1D03C2D452C3A0065AD80 /* PayPopView.swift in Sources */,
				73D1CFFC2D42525B0065AD80 /* AlertImageView.swift in Sources */,
				738D45432D3F6FAB00EE9E66 /* ConfigManager.swift in Sources */,
				73D1D03E2D45347A0065AD80 /* HiveViewController.swift in Sources */,
				73D9DED62D3FF83200AD810A /* UserCenterViewController.swift in Sources */,
			);
			runOnlyForDeploymentPostprocessing = 0;
		};
/* End PBXSourcesBuildPhase section */

/* Begin XCBuildConfiguration section */
		73807D112D32B8AD00F8B90D /* Debug */ = {
			isa = XCBuildConfiguration;
			baseConfigurationReference = B1E1EA91963E4A1EEB1B0381 /* Pods-PesoPitaka.debug.xcconfig */;
			buildSettings = {
				ASSETCATALOG_COMPILER_APPICON_NAME = AppIcon;
				ASSETCATALOG_COMPILER_GLOBAL_ACCENT_COLOR_NAME = AccentColor;
				CODE_SIGN_ENTITLEMENTS = PesoPitaka/PesoPitaka.entitlements;
				"CODE_SIGN_IDENTITY[sdk=iphoneos*]" = "iPhone Developer";
				CODE_SIGN_STYLE = Manual;
				CURRENT_PROJECT_VERSION = 1;
				DEVELOPMENT_TEAM = "";
				"DEVELOPMENT_TEAM[sdk=iphoneos*]" = 2F6XZMZ52M;
				ENABLE_USER_SCRIPT_SANDBOXING = NO;
				GENERATE_INFOPLIST_FILE = YES;
				INFOPLIST_FILE = PesoPitaka/Info.plist;
				INFOPLIST_KEY_CFBundleDisplayName = "Peso Pitaka";
				INFOPLIST_KEY_NSCameraUsageDescription = "";
				INFOPLIST_KEY_NSContactsUsageDescription = "";
				INFOPLIST_KEY_NSLocationAlwaysUsageDescription = "法定收入全额发";
				INFOPLIST_KEY_NSLocationWhenInUseUsageDescription = "放大放大";
				INFOPLIST_KEY_NSPhotoLibraryUsageDescription = "";
				INFOPLIST_KEY_NSUserTrackingUsageDescription = "";
				INFOPLIST_KEY_UIApplicationSupportsIndirectInputEvents = YES;
				INFOPLIST_KEY_UILaunchStoryboardName = "Launch Screen";
				INFOPLIST_KEY_UISupportedInterfaceOrientations = UIInterfaceOrientationPortrait;
				INFOPLIST_KEY_UIUserInterfaceStyle = Light;
				IPHONEOS_DEPLOYMENT_TARGET = 14.0;
				LD_RUNPATH_SEARCH_PATHS = (
					"$(inherited)",
					"@executable_path/Frameworks",
				);
				MARKETING_VERSION = 1.0.0;
				PRODUCT_BUNDLE_IDENTIFIER = com.company.ligtasl;
				PRODUCT_NAME = "$(TARGET_NAME)";
				PROVISIONING_PROFILE_SPECIFIER = "";
				"PROVISIONING_PROFILE_SPECIFIER[sdk=iphoneos*]" = CompanyLigtasL;
				SUPPORTED_PLATFORMS = "iphoneos iphonesimulator";
				SUPPORTS_MACCATALYST = NO;
				SUPPORTS_MAC_DESIGNED_FOR_IPHONE_IPAD = NO;
				SUPPORTS_XR_DESIGNED_FOR_IPHONE_IPAD = NO;
				SWIFT_EMIT_LOC_STRINGS = YES;
				SWIFT_VERSION = 5.0;
				TARGETED_DEVICE_FAMILY = 1;
			};
			name = Debug;
		};
		73807D122D32B8AD00F8B90D /* Release */ = {
			isa = XCBuildConfiguration;
			baseConfigurationReference = 763DB2E88CECB39F7258B6B2 /* Pods-PesoPitaka.release.xcconfig */;
			buildSettings = {
				ASSETCATALOG_COMPILER_APPICON_NAME = AppIcon;
				ASSETCATALOG_COMPILER_GLOBAL_ACCENT_COLOR_NAME = AccentColor;
				CODE_SIGN_ENTITLEMENTS = PesoPitaka/PesoPitaka.entitlements;
				"CODE_SIGN_IDENTITY[sdk=iphoneos*]" = "iPhone Developer";
				CODE_SIGN_STYLE = Manual;
				CURRENT_PROJECT_VERSION = 1;
				DEVELOPMENT_TEAM = "";
				"DEVELOPMENT_TEAM[sdk=iphoneos*]" = 2F6XZMZ52M;
				ENABLE_USER_SCRIPT_SANDBOXING = NO;
				GENERATE_INFOPLIST_FILE = YES;
				INFOPLIST_FILE = PesoPitaka/Info.plist;
				INFOPLIST_KEY_CFBundleDisplayName = "Peso Pitaka";
				INFOPLIST_KEY_NSCameraUsageDescription = "";
				INFOPLIST_KEY_NSContactsUsageDescription = "";
				INFOPLIST_KEY_NSLocationAlwaysUsageDescription = "法定收入全额发";
				INFOPLIST_KEY_NSLocationWhenInUseUsageDescription = "放大放大";
				INFOPLIST_KEY_NSPhotoLibraryUsageDescription = "";
				INFOPLIST_KEY_NSUserTrackingUsageDescription = "";
				INFOPLIST_KEY_UIApplicationSupportsIndirectInputEvents = YES;
				INFOPLIST_KEY_UILaunchStoryboardName = "Launch Screen";
				INFOPLIST_KEY_UISupportedInterfaceOrientations = UIInterfaceOrientationPortrait;
				INFOPLIST_KEY_UIUserInterfaceStyle = Light;
				IPHONEOS_DEPLOYMENT_TARGET = 14.0;
				LD_RUNPATH_SEARCH_PATHS = (
					"$(inherited)",
					"@executable_path/Frameworks",
				);
				MARKETING_VERSION = 1.0.0;
				PRODUCT_BUNDLE_IDENTIFIER = com.company.ligtasl;
				PRODUCT_NAME = "$(TARGET_NAME)";
				PROVISIONING_PROFILE_SPECIFIER = "";
				"PROVISIONING_PROFILE_SPECIFIER[sdk=iphoneos*]" = CompanyLigtasL;
				SUPPORTED_PLATFORMS = "iphoneos iphonesimulator";
				SUPPORTS_MACCATALYST = NO;
				SUPPORTS_MAC_DESIGNED_FOR_IPHONE_IPAD = NO;
				SUPPORTS_XR_DESIGNED_FOR_IPHONE_IPAD = NO;
				SWIFT_EMIT_LOC_STRINGS = YES;
				SWIFT_VERSION = 5.0;
				TARGETED_DEVICE_FAMILY = 1;
			};
			name = Release;
		};
		73807D132D32B8AD00F8B90D /* Debug */ = {
			isa = XCBuildConfiguration;
			buildSettings = {
				ALWAYS_SEARCH_USER_PATHS = NO;
				ASSETCATALOG_COMPILER_GENERATE_SWIFT_ASSET_SYMBOL_EXTENSIONS = YES;
				CLANG_ANALYZER_NONNULL = YES;
				CLANG_ANALYZER_NUMBER_OBJECT_CONVERSION = YES_AGGRESSIVE;
				CLANG_CXX_LANGUAGE_STANDARD = "gnu++20";
				CLANG_ENABLE_MODULES = YES;
				CLANG_ENABLE_OBJC_ARC = YES;
				CLANG_ENABLE_OBJC_WEAK = YES;
				CLANG_WARN_BLOCK_CAPTURE_AUTORELEASING = YES;
				CLANG_WARN_BOOL_CONVERSION = YES;
				CLANG_WARN_COMMA = YES;
				CLANG_WARN_CONSTANT_CONVERSION = YES;
				CLANG_WARN_DEPRECATED_OBJC_IMPLEMENTATIONS = YES;
				CLANG_WARN_DIRECT_OBJC_ISA_USAGE = YES_ERROR;
				CLANG_WARN_DOCUMENTATION_COMMENTS = YES;
				CLANG_WARN_EMPTY_BODY = YES;
				CLANG_WARN_ENUM_CONVERSION = YES;
				CLANG_WARN_INFINITE_RECURSION = YES;
				CLANG_WARN_INT_CONVERSION = YES;
				CLANG_WARN_NON_LITERAL_NULL_CONVERSION = YES;
				CLANG_WARN_OBJC_IMPLICIT_RETAIN_SELF = YES;
				CLANG_WARN_OBJC_LITERAL_CONVERSION = YES;
				CLANG_WARN_OBJC_ROOT_CLASS = YES_ERROR;
				CLANG_WARN_QUOTED_INCLUDE_IN_FRAMEWORK_HEADER = YES;
				CLANG_WARN_RANGE_LOOP_ANALYSIS = YES;
				CLANG_WARN_STRICT_PROTOTYPES = YES;
				CLANG_WARN_SUSPICIOUS_MOVE = YES;
				CLANG_WARN_UNGUARDED_AVAILABILITY = YES_AGGRESSIVE;
				CLANG_WARN_UNREACHABLE_CODE = YES;
				CLANG_WARN__DUPLICATE_METHOD_MATCH = YES;
				COPY_PHASE_STRIP = NO;
				DEBUG_INFORMATION_FORMAT = dwarf;
				ENABLE_STRICT_OBJC_MSGSEND = YES;
				ENABLE_TESTABILITY = YES;
				ENABLE_USER_SCRIPT_SANDBOXING = YES;
				GCC_C_LANGUAGE_STANDARD = gnu17;
				GCC_DYNAMIC_NO_PIC = NO;
				GCC_NO_COMMON_BLOCKS = YES;
				GCC_OPTIMIZATION_LEVEL = 0;
				GCC_PREPROCESSOR_DEFINITIONS = (
					"DEBUG=1",
					"$(inherited)",
				);
				GCC_WARN_64_TO_32_BIT_CONVERSION = YES;
				GCC_WARN_ABOUT_RETURN_TYPE = YES_ERROR;
				GCC_WARN_UNDECLARED_SELECTOR = YES;
				GCC_WARN_UNINITIALIZED_AUTOS = YES_AGGRESSIVE;
				GCC_WARN_UNUSED_FUNCTION = YES;
				GCC_WARN_UNUSED_VARIABLE = YES;
				IPHONEOS_DEPLOYMENT_TARGET = 18.2;
				LOCALIZATION_PREFERS_STRING_CATALOGS = YES;
				MTL_ENABLE_DEBUG_INFO = INCLUDE_SOURCE;
				MTL_FAST_MATH = YES;
				ONLY_ACTIVE_ARCH = YES;
				SDKROOT = iphoneos;
				SWIFT_ACTIVE_COMPILATION_CONDITIONS = "DEBUG $(inherited)";
				SWIFT_OPTIMIZATION_LEVEL = "-Onone";
			};
			name = Debug;
		};
		73807D142D32B8AD00F8B90D /* Release */ = {
			isa = XCBuildConfiguration;
			buildSettings = {
				ALWAYS_SEARCH_USER_PATHS = NO;
				ASSETCATALOG_COMPILER_GENERATE_SWIFT_ASSET_SYMBOL_EXTENSIONS = YES;
				CLANG_ANALYZER_NONNULL = YES;
				CLANG_ANALYZER_NUMBER_OBJECT_CONVERSION = YES_AGGRESSIVE;
				CLANG_CXX_LANGUAGE_STANDARD = "gnu++20";
				CLANG_ENABLE_MODULES = YES;
				CLANG_ENABLE_OBJC_ARC = YES;
				CLANG_ENABLE_OBJC_WEAK = YES;
				CLANG_WARN_BLOCK_CAPTURE_AUTORELEASING = YES;
				CLANG_WARN_BOOL_CONVERSION = YES;
				CLANG_WARN_COMMA = YES;
				CLANG_WARN_CONSTANT_CONVERSION = YES;
				CLANG_WARN_DEPRECATED_OBJC_IMPLEMENTATIONS = YES;
				CLANG_WARN_DIRECT_OBJC_ISA_USAGE = YES_ERROR;
				CLANG_WARN_DOCUMENTATION_COMMENTS = YES;
				CLANG_WARN_EMPTY_BODY = YES;
				CLANG_WARN_ENUM_CONVERSION = YES;
				CLANG_WARN_INFINITE_RECURSION = YES;
				CLANG_WARN_INT_CONVERSION = YES;
				CLANG_WARN_NON_LITERAL_NULL_CONVERSION = YES;
				CLANG_WARN_OBJC_IMPLICIT_RETAIN_SELF = YES;
				CLANG_WARN_OBJC_LITERAL_CONVERSION = YES;
				CLANG_WARN_OBJC_ROOT_CLASS = YES_ERROR;
				CLANG_WARN_QUOTED_INCLUDE_IN_FRAMEWORK_HEADER = YES;
				CLANG_WARN_RANGE_LOOP_ANALYSIS = YES;
				CLANG_WARN_STRICT_PROTOTYPES = YES;
				CLANG_WARN_SUSPICIOUS_MOVE = YES;
				CLANG_WARN_UNGUARDED_AVAILABILITY = YES_AGGRESSIVE;
				CLANG_WARN_UNREACHABLE_CODE = YES;
				CLANG_WARN__DUPLICATE_METHOD_MATCH = YES;
				COPY_PHASE_STRIP = NO;
				DEBUG_INFORMATION_FORMAT = "dwarf-with-dsym";
				ENABLE_NS_ASSERTIONS = NO;
				ENABLE_STRICT_OBJC_MSGSEND = YES;
				ENABLE_USER_SCRIPT_SANDBOXING = YES;
				GCC_C_LANGUAGE_STANDARD = gnu17;
				GCC_NO_COMMON_BLOCKS = YES;
				GCC_WARN_64_TO_32_BIT_CONVERSION = YES;
				GCC_WARN_ABOUT_RETURN_TYPE = YES_ERROR;
				GCC_WARN_UNDECLARED_SELECTOR = YES;
				GCC_WARN_UNINITIALIZED_AUTOS = YES_AGGRESSIVE;
				GCC_WARN_UNUSED_FUNCTION = YES;
				GCC_WARN_UNUSED_VARIABLE = YES;
				IPHONEOS_DEPLOYMENT_TARGET = 18.2;
				LOCALIZATION_PREFERS_STRING_CATALOGS = YES;
				MTL_ENABLE_DEBUG_INFO = NO;
				MTL_FAST_MATH = YES;
				SDKROOT = iphoneos;
				SWIFT_COMPILATION_MODE = wholemodule;
				VALIDATE_PRODUCT = YES;
			};
			name = Release;
		};
/* End XCBuildConfiguration section */

/* Begin XCConfigurationList section */
		73807CF82D32B8AC00F8B90D /* Build configuration list for PBXProject "PesoPitaka" */ = {
			isa = XCConfigurationList;
			buildConfigurations = (
				73807D132D32B8AD00F8B90D /* Debug */,
				73807D142D32B8AD00F8B90D /* Release */,
			);
			defaultConfigurationIsVisible = 0;
			defaultConfigurationName = Release;
		};
		73807D102D32B8AD00F8B90D /* Build configuration list for PBXNativeTarget "PesoPitaka" */ = {
			isa = XCConfigurationList;
			buildConfigurations = (
				73807D112D32B8AD00F8B90D /* Debug */,
				73807D122D32B8AD00F8B90D /* Release */,
			);
			defaultConfigurationIsVisible = 0;
			defaultConfigurationName = Release;
		};
/* End XCConfigurationList section */
	};
	rootObject = 73807CF52D32B8AC00F8B90D /* Project object */;
}
